// !$*UTF8*$!
{
	archiveVersion = 1;
	classes = {
	};
	objectVersion = 46;
	objects = {

/* Begin PBXBuildFile section */
		5706C1A31CA3963800D599A0 /* AboutViewController.swift in Sources */ = {isa = PBXBuildFile; fileRef = 5706C1A21CA3963800D599A0 /* AboutViewController.swift */; };
		5706C1A51CA3A3CA00D599A0 /* BullsEye.html in Resources */ = {isa = PBXBuildFile; fileRef = 5706C1A41CA3A3CA00D599A0 /* BullsEye.html */; };
		5706C1A81CA3ABBF00D599A0 /* Default-568h@2x.png in Resources */ = {isa = PBXBuildFile; fileRef = 5706C1A61CA3ABBF00D599A0 /* Default-568h@2x.png */; };
		5706C1A91CA3ABBF00D599A0 /* Default@2x.png in Resources */ = {isa = PBXBuildFile; fileRef = 5706C1A71CA3ABBF00D599A0 /* Default@2x.png */; };
		579C80421CA0EC7900290AD2 /* AppDelegate.swift in Sources */ = {isa = PBXBuildFile; fileRef = 579C80411CA0EC7900290AD2 /* AppDelegate.swift */; };
		579C80441CA0EC7900290AD2 /* ViewController.swift in Sources */ = {isa = PBXBuildFile; fileRef = 579C80431CA0EC7900290AD2 /* ViewController.swift */; };
		579C80471CA0EC7900290AD2 /* Main.storyboard in Resources */ = {isa = PBXBuildFile; fileRef = 579C80451CA0EC7900290AD2 /* Main.storyboard */; };
		579C80491CA0EC7900290AD2 /* Assets.xcassets in Resources */ = {isa = PBXBuildFile; fileRef = 579C80481CA0EC7900290AD2 /* Assets.xcassets */; };
/* End PBXBuildFile section */

/* Begin PBXFileReference section */
		5706C1A21CA3963800D599A0 /* AboutViewController.swift */ = {isa = PBXFileReference; fileEncoding = 4; lastKnownFileType = sourcecode.swift; path = AboutViewController.swift; sourceTree = "<group>"; };
		5706C1A41CA3A3CA00D599A0 /* BullsEye.html */ = {isa = PBXFileReference; fileEncoding = 4; lastKnownFileType = text.html; path = BullsEye.html; sourceTree = "<group>"; };
		5706C1A61CA3ABBF00D599A0 /* Default-568h@2x.png */ = {isa = PBXFileReference; lastKnownFileType = image.png; path = "Default-568h@2x.png"; sourceTree = "<group>"; };
		5706C1A71CA3ABBF00D599A0 /* Default@2x.png */ = {isa = PBXFileReference; lastKnownFileType = image.png; path = "Default@2x.png"; sourceTree = "<group>"; };
		579C803E1CA0EC7900290AD2 /* BullsEye.app */ = {isa = PBXFileReference; explicitFileType = wrapper.application; includeInIndex = 0; path = BullsEye.app; sourceTree = BUILT_PRODUCTS_DIR; };
		579C80411CA0EC7900290AD2 /* AppDelegate.swift */ = {isa = PBXFileReference; lastKnownFileType = sourcecode.swift; path = AppDelegate.swift; sourceTree = "<group>"; };
		579C80431CA0EC7900290AD2 /* ViewController.swift */ = {isa = PBXFileReference; lastKnownFileType = sourcecode.swift; path = ViewController.swift; sourceTree = "<group>"; };
		579C80461CA0EC7900290AD2 /* Base */ = {isa = PBXFileReference; lastKnownFileType = file.storyboard; name = Base; path = Base.lproj/Main.storyboard; sourceTree = "<group>"; };
		579C80481CA0EC7900290AD2 /* Assets.xcassets */ = {isa = PBXFileReference; lastKnownFileType = folder.assetcatalog; path = Assets.xcassets; sourceTree = "<group>"; };
		579C804D1CA0EC7900290AD2 /* Info.plist */ = {isa = PBXFileReference; lastKnownFileType = text.plist.xml; path = Info.plist; sourceTree = "<group>"; };
/* End PBXFileReference section */

/* Begin PBXFrameworksBuildPhase section */
		579C803B1CA0EC7900290AD2 /* Frameworks */ = {
			isa = PBXFrameworksBuildPhase;
			buildActionMask = 2147483647;
			files = (
			);
			runOnlyForDeploymentPostprocessing = 0;
		};
/* End PBXFrameworksBuildPhase section */

/* Begin PBXGroup section */
		579C80351CA0EC7900290AD2 = {
			isa = PBXGroup;
			children = (
				579C80401CA0EC7900290AD2 /* BullsEye */,
				579C803F1CA0EC7900290AD2 /* Products */,
			);
			sourceTree = "<group>";
		};
		579C803F1CA0EC7900290AD2 /* Products */ = {
			isa = PBXGroup;
			children = (
				579C803E1CA0EC7900290AD2 /* BullsEye.app */,
			);
			name = Products;
			sourceTree = "<group>";
		};
		579C80401CA0EC7900290AD2 /* BullsEye */ = {
			isa = PBXGroup;
			children = (
				5706C1A61CA3ABBF00D599A0 /* Default-568h@2x.png */,
				5706C1A71CA3ABBF00D599A0 /* Default@2x.png */,
				5706C1A41CA3A3CA00D599A0 /* BullsEye.html */,
				579C80411CA0EC7900290AD2 /* AppDelegate.swift */,
				579C80431CA0EC7900290AD2 /* ViewController.swift */,
				5706C1A21CA3963800D599A0 /* AboutViewController.swift */,
				579C80451CA0EC7900290AD2 /* Main.storyboard */,
				579C80481CA0EC7900290AD2 /* Assets.xcassets */,
				579C804D1CA0EC7900290AD2 /* Info.plist */,
			);
			path = BullsEye;
			sourceTree = "<group>";
		};
/* End PBXGroup section */

/* Begin PBXNativeTarget section */
		579C803D1CA0EC7900290AD2 /* BullsEye */ = {
			isa = PBXNativeTarget;
			buildConfigurationList = 579C80501CA0EC7900290AD2 /* Build configuration list for PBXNativeTarget "BullsEye" */;
			buildPhases = (
				579C803A1CA0EC7900290AD2 /* Sources */,
				579C803B1CA0EC7900290AD2 /* Frameworks */,
				579C803C1CA0EC7900290AD2 /* Resources */,
			);
			buildRules = (
			);
			dependencies = (
			);
			name = BullsEye;
			productName = BullsEye;
			productReference = 579C803E1CA0EC7900290AD2 /* BullsEye.app */;
			productType = "com.apple.product-type.application";
		};
/* End PBXNativeTarget section */

/* Begin PBXProject section */
		579C80361CA0EC7900290AD2 /* Project object */ = {
			isa = PBXProject;
			attributes = {
				LastSwiftUpdateCheck = 0720;
				LastUpgradeCheck = 0720;
				ORGANIZATIONNAME = "Dan Patey";
				TargetAttributes = {
					579C803D1CA0EC7900290AD2 = {
						CreatedOnToolsVersion = 7.2.1;
						DevelopmentTeam = U6J9N2F6E2;
					};
				};
			};
			buildConfigurationList = 579C80391CA0EC7900290AD2 /* Build configuration list for PBXProject "BullsEye" */;
			compatibilityVersion = "Xcode 3.2";
			developmentRegion = English;
			hasScannedForEncodings = 0;
			knownRegions = (
				en,
				Base,
			);
			mainGroup = 579C80351CA0EC7900290AD2;
			productRefGroup = 579C803F1CA0EC7900290AD2 /* Products */;
			projectDirPath = "";
			projectRoot = "";
			targets = (
				579C803D1CA0EC7900290AD2 /* BullsEye */,
			);
		};
/* End PBXProject section */

/* Begin PBXResourcesBuildPhase section */
		579C803C1CA0EC7900290AD2 /* Resources */ = {
			isa = PBXResourcesBuildPhase;
			buildActionMask = 2147483647;
			files = (
				5706C1A51CA3A3CA00D599A0 /* BullsEye.html in Resources */,
				5706C1A81CA3ABBF00D599A0 /* Default-568h@2x.png in Resources */,
				5706C1A91CA3ABBF00D599A0 /* Default@2x.png in Resources */,
				579C80491CA0EC7900290AD2 /* Assets.xcassets in Resources */,
				579C80471CA0EC7900290AD2 /* Main.storyboard in Resources */,
			);
			runOnlyForDeploymentPostprocessing = 0;
		};
/* End PBXResourcesBuildPhase section */

/* Begin PBXSourcesBuildPhase section */
		579C803A1CA0EC7900290AD2 /* Sources */ = {
			isa = PBXSourcesBuildPhase;
			buildActionMask = 2147483647;
			files = (
				5706C1A31CA3963800D599A0 /* AboutViewController.swift in Sources */,
				579C80441CA0EC7900290AD2 /* ViewController.swift in Sources */,
				579C80421CA0EC7900290AD2 /* AppDelegate.swift in Sources */,
			);
			runOnlyForDeploymentPostprocessing = 0;
		};
/* End PBXSourcesBuildPhase section */

/* Begin PBXVariantGroup section */
		579C80451CA0EC7900290AD2 /* Main.storyboard */ = {
			isa = PBXVariantGroup;
			children = (
				579C80461CA0EC7900290AD2 /* Base */,
			);
			name = Main.storyboard;
			sourceTree = "<group>";
		};
/* End PBXVariantGroup section */

/* Begin XCBuildConfiguration section */
		579C804E1CA0EC7900290AD2 /* Debug */ = {
			isa = XCBuildConfiguration;
			buildSettings = {
				ALWAYS_SEARCH_USER_PATHS = NO;
				CLANG_CXX_LANGUAGE_STANDARD = "gnu++0x";
				CLANG_CXX_LIBRARY = "libc++";
				CLANG_ENABLE_MODULES = YES;
				CLANG_ENABLE_OBJC_ARC = YES;
				CLANG_WARN_BOOL_CONVERSION = YES;
				CLANG_WARN_CONSTANT_CONVERSION = YES;
				CLANG_WARN_DIRECT_OBJC_ISA_USAGE = YES_ERROR;
				CLANG_WARN_EMPTY_BODY = YES;
				CLANG_WARN_ENUM_CONVERSION = YES;
				CLANG_WARN_INT_CONVERSION = YES;
				CLANG_WARN_OBJC_ROOT_CLASS = YES_ERROR;
				CLANG_WARN_UNREACHABLE_CODE = YES;
				CLANG_WARN__DUPLICATE_METHOD_MATCH = YES;
				"CODE_SIGN_IDENTITY[sdk=iphoneos*]" = "iPhone Developer";
				COPY_PHASE_STRIP = NO;
				DEBUG_INFORMATION_FORMAT = dwarf;
				ENABLE_STRICT_OBJC_MSGSEND = YES;
				ENABLE_TESTABILITY = YES;
				GCC_C_LANGUAGE_STANDARD = gnu99;
				GCC_DYNAMIC_NO_PIC = NO;
				GCC_NO_COMMON_BLOCKS = YES;
				GCC_OPTIMIZATION_LEVEL = 0;
				GCC_PREPROCESSOR_DEFINITIONS = (
					"DEBUG=1",
					"$(inherited)",
				);
				GCC_WARN_64_TO_32_BIT_CONVERSION = YES;
				GCC_WARN_ABOUT_RETURN_TYPE = YES_ERROR;
				GCC_WARN_UNDECLARED_SELECTOR = YES;
				GCC_WARN_UNINITIALIZED_AUTOS = YES_AGGRESSIVE;
				GCC_WARN_UNUSED_FUNCTION = YES;
				GCC_WARN_UNUSED_VARIABLE = YES;
				IPHONEOS_DEPLOYMENT_TARGET = 9.2;
				MTL_ENABLE_DEBUG_INFO = YES;
				ONLY_ACTIVE_ARCH = YES;
				SDKROOT = iphoneos;
				SWIFT_OPTIMIZATION_LEVEL = "-Onone";
			};
			name = Debug;
		};
		579C804F1CA0EC7900290AD2 /* Release */ = {
			isa = XCBuildConfiguration;
			buildSettings = {
				ALWAYS_SEARCH_USER_PATHS = NO;
				CLANG_CXX_LANGUAGE_STANDARD = "gnu++0x";
				CLANG_CXX_LIBRARY = "libc++";
				CLANG_ENABLE_MODULES = YES;
				CLANG_ENABLE_OBJC_ARC = YES;
				CLANG_WARN_BOOL_CONVERSION = YES;
				CLANG_WARN_CONSTANT_CONVERSION = YES;
				CLANG_WARN_DIRECT_OBJC_ISA_USAGE = YES_ERROR;
				CLANG_WARN_EMPTY_BODY = YES;
				CLANG_WARN_ENUM_CONVERSION = YES;
				CLANG_WARN_INT_CONVERSION = YES;
				CLANG_WARN_OBJC_ROOT_CLASS = YES_ERROR;
				CLANG_WARN_UNREACHABLE_CODE = YES;
				CLANG_WARN__DUPLICATE_METHOD_MATCH = YES;
				"CODE_SIGN_IDENTITY[sdk=iphoneos*]" = "iPhone Developer";
				COPY_PHASE_STRIP = NO;
				DEBUG_INFORMATION_FORMAT = "dwarf-with-dsym";
				ENABLE_NS_ASSERTIONS = NO;
				ENABLE_STRICT_OBJC_MSGSEND = YES;
				GCC_C_LANGUAGE_STANDARD = gnu99;
				GCC_NO_COMMON_BLOCKS = YES;
				GCC_WARN_64_TO_32_BIT_CONVERSION = YES;
				GCC_WARN_ABOUT_RETURN_TYPE = YES_ERROR;
				GCC_WARN_UNDECLARED_SELECTOR = YES;
				GCC_WARN_UNINITIALIZED_AUTOS = YES_AGGRESSIVE;
				GCC_WARN_UNUSED_FUNCTION = YES;
				GCC_WARN_UNUSED_VARIABLE = YES;
				IPHONEOS_DEPLOYMENT_TARGET = 9.2;
				MTL_ENABLE_DEBUG_INFO = NO;
				SDKROOT = iphoneos;
				VALIDATE_PRODUCT = YES;
			};
			name = Release;
		};
		579C80511CA0EC7900290AD2 /* Debug */ = {
			isa = XCBuildConfiguration;
			buildSettings = {
				ASSETCATALOG_COMPILER_APPICON_NAME = AppIcon;
				INFOPLIST_FILE = BullsEye/Info.plist;
				LD_RUNPATH_SEARCH_PATHS = "$(inherited) @executable_path/Frameworks";
				PRODUCT_BUNDLE_IDENTIFIER = com.hackingwithswift.BullsEye;
				PRODUCT_NAME = "$(TARGET_NAME)";
			};
			name = Debug;
		};
		579C80521CA0EC7900290AD2 /* Release */ = {
			isa = XCBuildConfiguration;
			buildSettings = {
				ASSETCATALOG_COMPILER_APPICON_NAME = AppIcon;
				INFOPLIST_FILE = BullsEye/Info.plist;
				LD_RUNPATH_SEARCH_PATHS = "$(inherited) @executable_path/Frameworks";
				PRODUCT_BUNDLE_IDENTIFIER = com.hackingwithswift.BullsEye;
				PRODUCT_NAME = "$(TARGET_NAME)";
			};
			name = Release;
		};
/* End XCBuildConfiguration section */

/* Begin XCConfigurationList section */
		579C80391CA0EC7900290AD2 /* Build configuration list for PBXProject "BullsEye" */ = {
			isa = XCConfigurationList;
			buildConfigurations = (
				579C804E1CA0EC7900290AD2 /* Debug */,
				579C804F1CA0EC7900290AD2 /* Release */,
			);
			defaultConfigurationIsVisible = 0;
			defaultConfigurationName = Release;
		};
		579C80501CA0EC7900290AD2 /* Build configuration list for PBXNativeTarget "BullsEye" */ = {
			isa = XCConfigurationList;
			buildConfigurations = (
				579C80511CA0EC7900290AD2 /* Debug */,
				579C80521CA0EC7900290AD2 /* Release */,
			);
			defaultConfigurationIsVisible = 0;
			defaultConfigurationName = Release;
		};
/* End XCConfigurationList section */
	};
	rootObject = 579C80361CA0EC7900290AD2 /* Project object */;
}
